{
  "name": "osu",
  "version": "1.0.0",
  "lockfileVersion": 2,
  "requires": true,
  "packages": {
    "": {
      "name": "osu",
      "version": "1.0.0",
      "license": "ISC",
      "dependencies": {
        "osu-json": "^0.9.1"
      }
    },
    "node_modules/osu-json": {
      "version": "0.9.1",
      "resolved": "https://registry.npmjs.org/osu-json/-/osu-json-0.9.1.tgz",
      "integrity": "sha512-zXI655iydcGqChdUjdH+GaME2MpTAkW8IvTb/5XlIAdU2qKs8lvphmvPNzIGkVTi6uBtSGKFSXwOvvtAmynPIg=="
    }
  },
  "dependencies": {
    "osu-json": {
      "version": "0.9.1",
      "resolved": "https://registry.npmjs.org/osu-json/-/osu-json-0.9.1.tgz",
      "integrity": "sha512-zXI655iydcGqChdUjdH+GaME2MpTAkW8IvTb/5XlIAdU2qKs8lvphmvPNzIGkVTi6uBtSGKFSXwOvvtAmynPIg=="
    }
  }
}
